
Microsoft Visual Studio Solution File, Format Version 12.00
Project("{FAE04EC0-301F-11D3-BF4B-00C04F79EFBC}") = "Sample.PackageHarness", "Sample.PackageHarness\Sample.PackageHarness.csproj", "{40E297DB-F085-417E-83F0-835C5C52899B}"
EndProject
Project("{2150E333-8FDC-42A3-9474-1A3956D46DE8}") = "src", "src", "{CC57234D-4153-4C64-A4D6-A54E427356C5}"
ProjectSection(SolutionItems) = preProject
	..\..\azure-pipelines.yml = ..\..\azure-pipelines.yml
EndProjectSection
EndProject
Project("{FAE04EC0-301F-11D3-BF4B-00C04F79EFBC}") = "Sample.MyPackage", "Sample.MyPackage\Sample.MyPackage.csproj", "{B85C3957-D433-44F3-A6AB-775F109242F0}"
EndProject
Project("{2150E333-8FDC-42A3-9474-1A3956D46DE8}") = ".config", ".config", "{BD21CECE-04D3-4AB7-9BB3-3BA201D3E7D0}"
EndProject
Global
	GlobalSection(SolutionConfigurationPlatforms) = preSolution
		Debug|Any CPU = Debug|Any CPU
		Release|Any CPU = Release|Any CPU
	EndGlobalSection
	GlobalSection(ProjectConfigurationPlatforms) = postSolution
		{40E297DB-F085-417E-83F0-835C5C52899B}.Debug|Any CPU.ActiveCfg = Debug|Any CPU
		{40E297DB-F085-417E-83F0-835C5C52899B}.Debug|Any CPU.Build.0 = Debug|Any CPU
		{40E297DB-F085-417E-83F0-835C5C52899B}.Release|Any CPU.ActiveCfg = Release|Any CPU
		{40E297DB-F085-417E-83F0-835C5C52899B}.Release|Any CPU.Build.0 = Release|Any CPU
		{B85C3957-D433-44F3-A6AB-775F109242F0}.Debug|Any CPU.ActiveCfg = Debug|Any CPU
		{B85C3957-D433-44F3-A6AB-775F109242F0}.Debug|Any CPU.Build.0 = Debug|Any CPU
		{B85C3957-D433-44F3-A6AB-775F109242F0}.Release|Any CPU.ActiveCfg = Release|Any CPU
		{B85C3957-D433-44F3-A6AB-775F109242F0}.Release|Any CPU.Build.0 = Release|Any CPU
	EndGlobalSection
	GlobalSection(NestedProjects) = preSolution
		{40E297DB-F085-417E-83F0-835C5C52899B} = {CC57234D-4153-4C64-A4D6-A54E427356C5}
		{B85C3957-D433-44F3-A6AB-775F109242F0} = {CC57234D-4153-4C64-A4D6-A54E427356C5}
	EndGlobalSection
EndGlobal
